
Microsoft Visual Studio Solution File, Format Version 12.00
# Visual Studio Version 17
VisualStudioVersion = 17.6.33829.357
MinimumVisualStudioVersion = 10.0.40219.1
Project("{FAE04EC0-301F-11D3-BF4B-00C04F79EFBC}") = "AbaJohn", "AbaJohn\AbaJohn.csproj", "{89F1C261-8982-4A93-932A-C84DC628432C}"
EndProject
Global
	GlobalSection(SolutionConfigurationPlatforms) = preSolution
		Debug|Any CPU = Debug|Any CPU
		Release|Any CPU = Release|Any CPU
	EndGlobalSection
	GlobalSection(ProjectConfigurationPlatforms) = postSolution
		{89F1C261-8982-4A93-932A-C84DC628432C}.Debug|Any CPU.ActiveCfg = Debug|Any CPU
		{89F1C261-8982-4A93-932A-C84DC628432C}.Debug|Any CPU.Build.0 = Debug|Any CPU
		{89F1C261-8982-4A93-932A-C84DC628432C}.Release|Any CPU.ActiveCfg = Release|Any CPU
		{89F1C261-8982-4A93-932A-C84DC628432C}.Release|Any CPU.Build.0 = Release|Any CPU
	EndGlobalSection
	GlobalSection(SolutionProperties) = preSolution
		HideSolutionNode = FALSE
	EndGlobalSection
	GlobalSection(ExtensibilityGlobals) = postSolution
		SolutionGuid = {D7215EBE-868B-4BFC-8611-5FAE4F794743}
	EndGlobalSection
EndGlobal
